
Microsoft Visual Studio Solution File, Format Version 12.00
# Visual Studio Version 16
VisualStudioVersion = 16.0.30804.86
MinimumVisualStudioVersion = 10.0.40219.1
Project("{FAE04EC0-301F-11D3-BF4B-00C04F79EFBC}") = "NiceDishy", "NiceDishy\NiceDishy.csproj", "{609FA7B3-A2A2-4D05-9F7E-71E468429D29}"
EndProject
Project("{FAE04EC0-301F-11D3-BF4B-00C04F79EFBC}") = "NotifyIconWpf", "NotifyIconWpf\NotifyIconWpf.csproj", "{7AC63864-7638-41C4-969C-D3197EF2BED9}"
EndProject
Project("{FAE04EC0-301F-11D3-BF4B-00C04F79EFBC}") = "NiceDishyGRPC", "NiceDishyGRPC\NiceDishyGRPC.csproj", "{3AA2FE49-4F78-4F78-B590-69F359E9BB8E}"
EndProject
Project("{C7167F0D-BC9F-4E6E-AFE1-012C56B48DB5}") = "NiceDishyPackaging", "packaging\NiceDishyPackaging\NiceDishyPackaging.wapproj", "{6ABDE7B4-D777-4360-BF8B-9A6363460BE7}"
EndProject
Global
	GlobalSection(SolutionConfigurationPlatforms) = preSolution
		Debug|Any CPU = Debug|Any CPU
		Debug|ARM = Debug|ARM
		Debug|ARM64 = Debug|ARM64
		Debug|x64 = Debug|x64
		Debug|x86 = Debug|x86
		Release|Any CPU = Release|Any CPU
		Release|ARM = Release|ARM
		Release|ARM64 = Release|ARM64
		Release|x64 = Release|x64
		Release|x86 = Release|x86
	EndGlobalSection
	GlobalSection(ProjectConfigurationPlatforms) = postSolution
		{609FA7B3-A2A2-4D05-9F7E-71E468429D29}.Debug|Any CPU.ActiveCfg = Debug|x86
		{609FA7B3-A2A2-4D05-9F7E-71E468429D29}.Debug|Any CPU.Build.0 = Debug|x86
		{609FA7B3-A2A2-4D05-9F7E-71E468429D29}.Debug|ARM.ActiveCfg = Debug|Any CPU
		{609FA7B3-A2A2-4D05-9F7E-71E468429D29}.Debug|ARM.Build.0 = Debug|Any CPU
		{609FA7B3-A2A2-4D05-9F7E-71E468429D29}.Debug|ARM64.ActiveCfg = Debug|Any CPU
		{609FA7B3-A2A2-4D05-9F7E-71E468429D29}.Debug|ARM64.Build.0 = Debug|Any CPU
		{609FA7B3-A2A2-4D05-9F7E-71E468429D29}.Debug|x64.ActiveCfg = Debug|Any CPU
		{609FA7B3-A2A2-4D05-9F7E-71E468429D29}.Debug|x64.Build.0 = Debug|Any CPU
		{609FA7B3-A2A2-4D05-9F7E-71E468429D29}.Debug|x86.ActiveCfg = Debug|x86
		{609FA7B3-A2A2-4D05-9F7E-71E468429D29}.Debug|x86.Build.0 = Debug|x86
		{609FA7B3-A2A2-4D05-9F7E-71E468429D29}.Release|Any CPU.ActiveCfg = Release|Any CPU
		{609FA7B3-A2A2-4D05-9F7E-71E468429D29}.Release|Any CPU.Build.0 = Release|Any CPU
		{609FA7B3-A2A2-4D05-9F7E-71E468429D29}.Release|ARM.ActiveCfg = Release|Any CPU
		{609FA7B3-A2A2-4D05-9F7E-71E468429D29}.Release|ARM.Build.0 = Release|Any CPU
		{609FA7B3-A2A2-4D05-9F7E-71E468429D29}.Release|ARM64.ActiveCfg = Release|Any CPU
		{609FA7B3-A2A2-4D05-9F7E-71E468429D29}.Release|ARM64.Build.0 = Release|Any CPU
		{609FA7B3-A2A2-4D05-9F7E-71E468429D29}.Release|x64.ActiveCfg = Release|Any CPU
		{609FA7B3-A2A2-4D05-9F7E-71E468429D29}.Release|x64.Build.0 = Release|Any CPU
		{609FA7B3-A2A2-4D05-9F7E-71E468429D29}.Release|x86.ActiveCfg = Release|Any CPU
		{609FA7B3-A2A2-4D05-9F7E-71E468429D29}.Release|x86.Build.0 = Release|Any CPU
		{7AC63864-7638-41C4-969C-D3197EF2BED9}.Debug|Any CPU.ActiveCfg = Debug|x86
		{7AC63864-7638-41C4-969C-D3197EF2BED9}.Debug|Any CPU.Build.0 = Debug|x86
		{7AC63864-7638-41C4-969C-D3197EF2BED9}.Debug|ARM.ActiveCfg = Debug|Any CPU
		{7AC63864-7638-41C4-969C-D3197EF2BED9}.Debug|ARM.Build.0 = Debug|Any CPU
		{7AC63864-7638-41C4-969C-D3197EF2BED9}.Debug|ARM64.ActiveCfg = Debug|Any CPU
		{7AC63864-7638-41C4-969C-D3197EF2BED9}.Debug|ARM64.Build.0 = Debug|Any CPU
		{7AC63864-7638-41C4-969C-D3197EF2BED9}.Debug|x64.ActiveCfg = Debug|Any CPU
		{7AC63864-7638-41C4-969C-D3197EF2BED9}.Debug|x64.Build.0 = Debug|Any CPU
		{7AC63864-7638-41C4-969C-D3197EF2BED9}.Debug|x86.ActiveCfg = Debug|x86
		{7AC63864-7638-41C4-969C-D3197EF2BED9}.Debug|x86.Build.0 = Debug|x86
		{7AC63864-7638-41C4-969C-D3197EF2BED9}.Release|Any CPU.ActiveCfg = Release|Any CPU
		{7AC63864-7638-41C4-969C-D3197EF2BED9}.Release|Any CPU.Build.0 = Release|Any CPU
		{7AC63864-7638-41C4-969C-D3197EF2BED9}.Release|ARM.ActiveCfg = Release|Any CPU
		{7AC63864-7638-41C4-969C-D3197EF2BED9}.Release|ARM.Build.0 = Release|Any CPU
		{7AC63864-7638-41C4-969C-D3197EF2BED9}.Release|ARM64.ActiveCfg = Release|Any CPU
		{7AC63864-7638-41C4-969C-D3197EF2BED9}.Release|ARM64.Build.0 = Release|Any CPU
		{7AC63864-7638-41C4-969C-D3197EF2BED9}.Release|x64.ActiveCfg = Release|Any CPU
		{7AC63864-7638-41C4-969C-D3197EF2BED9}.Release|x64.Build.0 = Release|Any CPU
		{7AC63864-7638-41C4-969C-D3197EF2BED9}.Release|x86.ActiveCfg = Release|Any CPU
		{7AC63864-7638-41C4-969C-D3197EF2BED9}.Release|x86.Build.0 = Release|Any CPU
		{3AA2FE49-4F78-4F78-B590-69F359E9BB8E}.Debug|Any CPU.ActiveCfg = Debug|x86
		{3AA2FE49-4F78-4F78-B590-69F359E9BB8E}.Debug|Any CPU.Build.0 = Debug|x86
		{3AA2FE49-4F78-4F78-B590-69F359E9BB8E}.Debug|ARM.ActiveCfg = Debug|Any CPU
		{3AA2FE49-4F78-4F78-B590-69F359E9BB8E}.Debug|ARM.Build.0 = Debug|Any CPU
		{3AA2FE49-4F78-4F78-B590-69F359E9BB8E}.Debug|ARM64.ActiveCfg = Debug|Any CPU
		{3AA2FE49-4F78-4F78-B590-69F359E9BB8E}.Debug|ARM64.Build.0 = Debug|Any CPU
		{3AA2FE49-4F78-4F78-B590-69F359E9BB8E}.Debug|x64.ActiveCfg = Debug|Any CPU
		{3AA2FE49-4F78-4F78-B590-69F359E9BB8E}.Debug|x64.Build.0 = Debug|Any CPU
		{3AA2FE49-4F78-4F78-B590-69F359E9BB8E}.Debug|x86.ActiveCfg = Debug|x86
		{3AA2FE49-4F78-4F78-B590-69F359E9BB8E}.Debug|x86.Build.0 = Debug|x86
		{3AA2FE49-4F78-4F78-B590-69F359E9BB8E}.Release|Any CPU.ActiveCfg = Release|Any CPU
		{3AA2FE49-4F78-4F78-B590-69F359E9BB8E}.Release|Any CPU.Build.0 = Release|Any CPU
		{3AA2FE49-4F78-4F78-B590-69F359E9BB8E}.Release|ARM.ActiveCfg = Release|Any CPU
		{3AA2FE49-4F78-4F78-B590-69F359E9BB8E}.Release|ARM.Build.0 = Release|Any CPU
		{3AA2FE49-4F78-4F78-B590-69F359E9BB8E}.Release|ARM64.ActiveCfg = Release|Any CPU
		{3AA2FE49-4F78-4F78-B590-69F359E9BB8E}.Release|ARM64.Build.0 = Release|Any CPU
		{3AA2FE49-4F78-4F78-B590-69F359E9BB8E}.Release|x64.ActiveCfg = Release|Any CPU
		{3AA2FE49-4F78-4F78-B590-69F359E9BB8E}.Release|x64.Build.0 = Release|Any CPU
		{3AA2FE49-4F78-4F78-B590-69F359E9BB8E}.Release|x86.ActiveCfg = Release|Any CPU
		{3AA2FE49-4F78-4F78-B590-69F359E9BB8E}.Release|x86.Build.0 = Release|Any CPU
		{6ABDE7B4-D777-4360-BF8B-9A6363460BE7}.Debug|Any CPU.ActiveCfg = Debug|Any CPU
		{6ABDE7B4-D777-4360-BF8B-9A6363460BE7}.Debug|Any CPU.Build.0 = Debug|Any CPU
		{6ABDE7B4-D777-4360-BF8B-9A6363460BE7}.Debug|Any CPU.Deploy.0 = Debug|Any CPU
		{6ABDE7B4-D777-4360-BF8B-9A6363460BE7}.Debug|ARM.ActiveCfg = Debug|ARM
		{6ABDE7B4-D777-4360-BF8B-9A6363460BE7}.Debug|ARM.Build.0 = Debug|ARM
		{6ABDE7B4-D777-4360-BF8B-9A6363460BE7}.Debug|ARM.Deploy.0 = Debug|ARM
		{6ABDE7B4-D777-4360-BF8B-9A6363460BE7}.Debug|ARM64.ActiveCfg = Debug|ARM64
		{6ABDE7B4-D777-4360-BF8B-9A6363460BE7}.Debug|ARM64.Build.0 = Debug|ARM64
		{6ABDE7B4-D777-4360-BF8B-9A6363460BE7}.Debug|ARM64.Deploy.0 = Debug|ARM64
		{6ABDE7B4-D777-4360-BF8B-9A6363460BE7}.Debug|x64.ActiveCfg = Debug|x64
		{6ABDE7B4-D777-4360-BF8B-9A6363460BE7}.Debug|x64.Build.0 = Debug|x64
		{6ABDE7B4-D777-4360-BF8B-9A6363460BE7}.Debug|x64.Deploy.0 = Debug|x64
		{6ABDE7B4-D777-4360-BF8B-9A6363460BE7}.Debug|x86.ActiveCfg = Debug|x86
		{6ABDE7B4-D777-4360-BF8B-9A6363460BE7}.Debug|x86.Build.0 = Debug|x86
		{6ABDE7B4-D777-4360-BF8B-9A6363460BE7}.Debug|x86.Deploy.0 = Debug|x86
		{6ABDE7B4-D777-4360-BF8B-9A6363460BE7}.Release|Any CPU.ActiveCfg = Release|Any CPU
		{6ABDE7B4-D777-4360-BF8B-9A6363460BE7}.Release|Any CPU.Build.0 = Release|Any CPU
		{6ABDE7B4-D777-4360-BF8B-9A6363460BE7}.Release|Any CPU.Deploy.0 = Release|Any CPU
		{6ABDE7B4-D777-4360-BF8B-9A6363460BE7}.Release|ARM.ActiveCfg = Release|ARM
		{6ABDE7B4-D777-4360-BF8B-9A6363460BE7}.Release|ARM.Build.0 = Release|ARM
		{6ABDE7B4-D777-4360-BF8B-9A6363460BE7}.Release|ARM.Deploy.0 = Release|ARM
		{6ABDE7B4-D777-4360-BF8B-9A6363460BE7}.Release|ARM64.ActiveCfg = Release|ARM64
		{6ABDE7B4-D777-4360-BF8B-9A6363460BE7}.Release|ARM64.Build.0 = Release|ARM64
		{6ABDE7B4-D777-4360-BF8B-9A6363460BE7}.Release|ARM64.Deploy.0 = Release|ARM64
		{6ABDE7B4-D777-4360-BF8B-9A6363460BE7}.Release|x64.ActiveCfg = Release|x64
		{6ABDE7B4-D777-4360-BF8B-9A6363460BE7}.Release|x64.Build.0 = Release|x64
		{6ABDE7B4-D777-4360-BF8B-9A6363460BE7}.Release|x64.Deploy.0 = Release|x64
		{6ABDE7B4-D777-4360-BF8B-9A6363460BE7}.Release|x86.ActiveCfg = Release|x86
		{6ABDE7B4-D777-4360-BF8B-9A6363460BE7}.Release|x86.Build.0 = Release|x86
		{6ABDE7B4-D777-4360-BF8B-9A6363460BE7}.Release|x86.Deploy.0 = Release|x86
	EndGlobalSection
	GlobalSection(SolutionProperties) = preSolution
		HideSolutionNode = FALSE
	EndGlobalSection
	GlobalSection(ExtensibilityGlobals) = postSolution
		SolutionGuid = {6720EF0A-F076-4089-94B3-41F80B3553CA}
	EndGlobalSection
EndGlobal
